
Microsoft Visual Studio Solution File, Format Version 12.00
# Visual Studio Version 17
VisualStudioVersion = 17.9.34701.34
MinimumVisualStudioVersion = 10.0.40219.1
Project("{FAE04EC0-301F-11D3-BF4B-00C04F79EFBC}") = "Splitwise", "Splitwise\Splitwise.csproj", "{66F39CF5-5550-48F2-8AB5-2353E374238C}"
EndProject
Global
	GlobalSection(SolutionConfigurationPlatforms) = preSolution
		Debug|Any CPU = Debug|Any CPU
		Release|Any CPU = Release|Any CPU
	EndGlobalSection
	GlobalSection(ProjectConfigurationPlatforms) = postSolution
		{66F39CF5-5550-48F2-8AB5-2353E374238C}.Debug|Any CPU.ActiveCfg = Debug|Any CPU
		{66F39CF5-5550-48F2-8AB5-2353E374238C}.Debug|Any CPU.Build.0 = Debug|Any CPU
		{66F39CF5-5550-48F2-8AB5-2353E374238C}.Release|Any CPU.ActiveCfg = Release|Any CPU
		{66F39CF5-5550-48F2-8AB5-2353E374238C}.Release|Any CPU.Build.0 = Release|Any CPU
	EndGlobalSection
	GlobalSection(SolutionProperties) = preSolution
		HideSolutionNode = FALSE
	EndGlobalSection
	GlobalSection(ExtensibilityGlobals) = postSolution
		SolutionGuid = {48C8FD76-8546-480A-90E4-7D26FC4DC99A}
	EndGlobalSection
EndGlobal
